
Microsoft Visual Studio Solution File, Format Version 12.00
# Visual Studio Version 17
VisualStudioVersion = 17.0.32112.339
MinimumVisualStudioVersion = 10.0.40219.1
Project("{FAE04EC0-301F-11D3-BF4B-00C04F79EFBC}") = "ПриложениеТренировкаВладенияМышью", "ПриложениеТренировкаВладенияМышью.csproj", "{BA41161A-E7DD-401E-8EAF-0D4BCF3A2FEA}"
EndProject
Global
	GlobalSection(SolutionConfigurationPlatforms) = preSolution
		Debug|Any CPU = Debug|Any CPU
		Release|Any CPU = Release|Any CPU
	EndGlobalSection
	GlobalSection(ProjectConfigurationPlatforms) = postSolution
		{BA41161A-E7DD-401E-8EAF-0D4BCF3A2FEA}.Debug|Any CPU.ActiveCfg = Debug|Any CPU
		{BA41161A-E7DD-401E-8EAF-0D4BCF3A2FEA}.Debug|Any CPU.Build.0 = Debug|Any CPU
		{BA41161A-E7DD-401E-8EAF-0D4BCF3A2FEA}.Release|Any CPU.ActiveCfg = Release|Any CPU
		{BA41161A-E7DD-401E-8EAF-0D4BCF3A2FEA}.Release|Any CPU.Build.0 = Release|Any CPU
	EndGlobalSection
	GlobalSection(SolutionProperties) = preSolution
		HideSolutionNode = FALSE
	EndGlobalSection
	GlobalSection(ExtensibilityGlobals) = postSolution
		SolutionGuid = {5CAD758E-F4B8-43DB-B716-A2A333739454}
	EndGlobalSection
EndGlobal
